{
  "name": "walkers-shop-v15",
  "lockfileVersion": 3,
  "requires": true,
  "packages": {
    "": {
      "dependencies": {
        "mongoose-slug": "^1.3.1"
      }
    },
    "node_modules/mongoose-slug": {
      "version": "1.3.1",
      "resolved": "https://registry.npmjs.org/mongoose-slug/-/mongoose-slug-1.3.1.tgz",
      "integrity": "sha512-n6UwlRbXv2tNyUq7OIxjra8D/wS28vvwhRe3fGA/Tht78qgdka9dRaDlh/bWFvlaV6AJogToe72n6+4HGsadhA==",
      "dependencies": {
        "speakingurl": "~0.8.4"
      }
    },
    "node_modules/speakingurl": {
      "version": "0.8.4",
      "resolved": "https://registry.npmjs.org/speakingurl/-/speakingurl-0.8.4.tgz",
      "integrity": "sha512-AXIYprmjwgCNHDgGD/SxTQoT9eOyaVYQws4KdFQ5SCsgancyK8a9XCYj12/GgaTXcRYsIBBGomZlwoK4GfM05w==",
      "engines": {
        "node": ">=0.8.0"
      }
    }
  }
}
